
Microsoft Visual Studio Solution File, Format Version 12.00
# Visual Studio Version 17
VisualStudioVersion = 17.3.32929.385
MinimumVisualStudioVersion = 10.0.40219.1
Project("{FAE04EC0-301F-11D3-BF4B-00C04F79EFBC}") = "AvoidInactivity", "AvoidInactivity\AvoidInactivity.csproj", "{F7FEB33A-37A1-4FCD-A5DF-CD44AF03C97B}"
EndProject
Global
	GlobalSection(SolutionConfigurationPlatforms) = preSolution
		Debug|Any CPU = Debug|Any CPU
		Release|Any CPU = Release|Any CPU
	EndGlobalSection
	GlobalSection(ProjectConfigurationPlatforms) = postSolution
		{F7FEB33A-37A1-4FCD-A5DF-CD44AF03C97B}.Debug|Any CPU.ActiveCfg = Debug|Any CPU
		{F7FEB33A-37A1-4FCD-A5DF-CD44AF03C97B}.Debug|Any CPU.Build.0 = Debug|Any CPU
		{F7FEB33A-37A1-4FCD-A5DF-CD44AF03C97B}.Release|Any CPU.ActiveCfg = Release|Any CPU
		{F7FEB33A-37A1-4FCD-A5DF-CD44AF03C97B}.Release|Any CPU.Build.0 = Release|Any CPU
	EndGlobalSection
	GlobalSection(SolutionProperties) = preSolution
		HideSolutionNode = FALSE
	EndGlobalSection
	GlobalSection(ExtensibilityGlobals) = postSolution
		SolutionGuid = {75EB2B21-C235-4359-8EF7-9EAEB5F90352}
	EndGlobalSection
EndGlobal
